
Microsoft Visual Studio Solution File, Format Version 12.00
# Visual Studio Version 17
VisualStudioVersion = 17.0.31903.59
MinimumVisualStudioVersion = 10.0.40219.1
Project("{FAE04EC0-301F-11D3-BF4B-00C04F79EFBC}") = "DeskFlow.Api", "backend\DeskFlow.Api\DeskFlow.Api.csproj", "{A84EF01A-6D8C-4B25-A58D-6FD4E61BF201}"
EndProject
Project("{FAE04EC0-301F-11D3-BF4B-00C04F79EFBC}") = "DeskFlow.Tests", "backend\DeskFlow.Tests\DeskFlow.Tests.csproj", "{53472173-2194-4ECB-838E-05898258A51D}"
EndProject
Project("{2150E333-8FDC-42A3-9474-1A3956D46DE8}") = "backend", "backend", "{1AE8ACA6-933B-BF2A-3671-3E2EAC007D16}"
EndProject
Project("{FAE04EC0-301F-11D3-BF4B-00C04F79EFBC}") = "DeskFlow.Domain", "backend\DeskFlow.Domain\DeskFlow.Domain.csproj", "{33784BEF-A285-460D-AB0A-AAE91380F385}"
EndProject
Project("{FAE04EC0-301F-11D3-BF4B-00C04F79EFBC}") = "DeskFlow.Application", "backend\DeskFlow.Application\DeskFlow.Application.csproj", "{2F0F6624-64DE-4AA2-B7CF-A5BB0D5AB9D2}"
EndProject
Project("{FAE04EC0-301F-11D3-BF4B-00C04F79EFBC}") = "DeskFlow.Infrastructure", "backend\DeskFlow.Infrastructure\DeskFlow.Infrastructure.csproj", "{1D87D637-CEF5-4649-BFFE-1F4565730EE8}"
EndProject
Global
	GlobalSection(SolutionConfigurationPlatforms) = preSolution
		Debug|Any CPU = Debug|Any CPU
		Debug|x64 = Debug|x64
		Debug|x86 = Debug|x86
		Release|Any CPU = Release|Any CPU
		Release|x64 = Release|x64
		Release|x86 = Release|x86
	EndGlobalSection
	GlobalSection(ProjectConfigurationPlatforms) = postSolution
		{A84EF01A-6D8C-4B25-A58D-6FD4E61BF201}.Debug|Any CPU.ActiveCfg = Debug|Any CPU
		{A84EF01A-6D8C-4B25-A58D-6FD4E61BF201}.Debug|Any CPU.Build.0 = Debug|Any CPU
		{A84EF01A-6D8C-4B25-A58D-6FD4E61BF201}.Debug|x64.ActiveCfg = Debug|Any CPU
		{A84EF01A-6D8C-4B25-A58D-6FD4E61BF201}.Debug|x64.Build.0 = Debug|Any CPU
		{A84EF01A-6D8C-4B25-A58D-6FD4E61BF201}.Debug|x86.ActiveCfg = Debug|Any CPU
		{A84EF01A-6D8C-4B25-A58D-6FD4E61BF201}.Debug|x86.Build.0 = Debug|Any CPU
		{A84EF01A-6D8C-4B25-A58D-6FD4E61BF201}.Release|Any CPU.ActiveCfg = Release|Any CPU
		{A84EF01A-6D8C-4B25-A58D-6FD4E61BF201}.Release|Any CPU.Build.0 = Release|Any CPU
		{A84EF01A-6D8C-4B25-A58D-6FD4E61BF201}.Release|x64.ActiveCfg = Release|Any CPU
		{A84EF01A-6D8C-4B25-A58D-6FD4E61BF201}.Release|x64.Build.0 = Release|Any CPU
		{A84EF01A-6D8C-4B25-A58D-6FD4E61BF201}.Release|x86.ActiveCfg = Release|Any CPU
		{A84EF01A-6D8C-4B25-A58D-6FD4E61BF201}.Release|x86.Build.0 = Release|Any CPU
		{53472173-2194-4ECB-838E-05898258A51D}.Debug|Any CPU.ActiveCfg = Debug|Any CPU
		{53472173-2194-4ECB-838E-05898258A51D}.Debug|Any CPU.Build.0 = Debug|Any CPU
		{53472173-2194-4ECB-838E-05898258A51D}.Debug|x64.ActiveCfg = Debug|Any CPU
		{53472173-2194-4ECB-838E-05898258A51D}.Debug|x64.Build.0 = Debug|Any CPU
		{53472173-2194-4ECB-838E-05898258A51D}.Debug|x86.ActiveCfg = Debug|Any CPU
		{53472173-2194-4ECB-838E-05898258A51D}.Debug|x86.Build.0 = Debug|Any CPU
		{53472173-2194-4ECB-838E-05898258A51D}.Release|Any CPU.ActiveCfg = Release|Any CPU
		{53472173-2194-4ECB-838E-05898258A51D}.Release|Any CPU.Build.0 = Release|Any CPU
		{53472173-2194-4ECB-838E-05898258A51D}.Release|x64.ActiveCfg = Release|Any CPU
		{53472173-2194-4ECB-838E-05898258A51D}.Release|x64.Build.0 = Release|Any CPU
		{53472173-2194-4ECB-838E-05898258A51D}.Release|x86.ActiveCfg = Release|Any CPU
		{53472173-2194-4ECB-838E-05898258A51D}.Release|x86.Build.0 = Release|Any CPU
		{33784BEF-A285-460D-AB0A-AAE91380F385}.Debug|Any CPU.ActiveCfg = Debug|Any CPU
		{33784BEF-A285-460D-AB0A-AAE91380F385}.Debug|Any CPU.Build.0 = Debug|Any CPU
		{33784BEF-A285-460D-AB0A-AAE91380F385}.Debug|x64.ActiveCfg = Debug|Any CPU
		{33784BEF-A285-460D-AB0A-AAE91380F385}.Debug|x64.Build.0 = Debug|Any CPU
		{33784BEF-A285-460D-AB0A-AAE91380F385}.Debug|x86.ActiveCfg = Debug|Any CPU
		{33784BEF-A285-460D-AB0A-AAE91380F385}.Debug|x86.Build.0 = Debug|Any CPU
		{33784BEF-A285-460D-AB0A-AAE91380F385}.Release|Any CPU.ActiveCfg = Release|Any CPU
		{33784BEF-A285-460D-AB0A-AAE91380F385}.Release|Any CPU.Build.0 = Release|Any CPU
		{33784BEF-A285-460D-AB0A-AAE91380F385}.Release|x64.ActiveCfg = Release|Any CPU
		{33784BEF-A285-460D-AB0A-AAE91380F385}.Release|x64.Build.0 = Release|Any CPU
		{33784BEF-A285-460D-AB0A-AAE91380F385}.Release|x86.ActiveCfg = Release|Any CPU
		{33784BEF-A285-460D-AB0A-AAE91380F385}.Release|x86.Build.0 = Release|Any CPU
		{2F0F6624-64DE-4AA2-B7CF-A5BB0D5AB9D2}.Debug|Any CPU.ActiveCfg = Debug|Any CPU
		{2F0F6624-64DE-4AA2-B7CF-A5BB0D5AB9D2}.Debug|Any CPU.Build.0 = Debug|Any CPU
		{2F0F6624-64DE-4AA2-B7CF-A5BB0D5AB9D2}.Debug|x64.ActiveCfg = Debug|Any CPU
		{2F0F6624-64DE-4AA2-B7CF-A5BB0D5AB9D2}.Debug|x64.Build.0 = Debug|Any CPU
		{2F0F6624-64DE-4AA2-B7CF-A5BB0D5AB9D2}.Debug|x86.ActiveCfg = Debug|Any CPU
		{2F0F6624-64DE-4AA2-B7CF-A5BB0D5AB9D2}.Debug|x86.Build.0 = Debug|Any CPU
		{2F0F6624-64DE-4AA2-B7CF-A5BB0D5AB9D2}.Release|Any CPU.ActiveCfg = Release|Any CPU
		{2F0F6624-64DE-4AA2-B7CF-A5BB0D5AB9D2}.Release|Any CPU.Build.0 = Release|Any CPU
		{2F0F6624-64DE-4AA2-B7CF-A5BB0D5AB9D2}.Release|x64.ActiveCfg = Release|Any CPU
		{2F0F6624-64DE-4AA2-B7CF-A5BB0D5AB9D2}.Release|x64.Build.0 = Release|Any CPU
		{2F0F6624-64DE-4AA2-B7CF-A5BB0D5AB9D2}.Release|x86.ActiveCfg = Release|Any CPU
		{2F0F6624-64DE-4AA2-B7CF-A5BB0D5AB9D2}.Release|x86.Build.0 = Release|Any CPU
		{1D87D637-CEF5-4649-BFFE-1F4565730EE8}.Debug|Any CPU.ActiveCfg = Debug|Any CPU
		{1D87D637-CEF5-4649-BFFE-1F4565730EE8}.Debug|Any CPU.Build.0 = Debug|Any CPU
		{1D87D637-CEF5-4649-BFFE-1F4565730EE8}.Debug|x64.ActiveCfg = Debug|Any CPU
		{1D87D637-CEF5-4649-BFFE-1F4565730EE8}.Debug|x64.Build.0 = Debug|Any CPU
		{1D87D637-CEF5-4649-BFFE-1F4565730EE8}.Debug|x86.ActiveCfg = Debug|Any CPU
		{1D87D637-CEF5-4649-BFFE-1F4565730EE8}.Debug|x86.Build.0 = Debug|Any CPU
		{1D87D637-CEF5-4649-BFFE-1F4565730EE8}.Release|Any CPU.ActiveCfg = Release|Any CPU
		{1D87D637-CEF5-4649-BFFE-1F4565730EE8}.Release|Any CPU.Build.0 = Release|Any CPU
		{1D87D637-CEF5-4649-BFFE-1F4565730EE8}.Release|x64.ActiveCfg = Release|Any CPU
		{1D87D637-CEF5-4649-BFFE-1F4565730EE8}.Release|x64.Build.0 = Release|Any CPU
		{1D87D637-CEF5-4649-BFFE-1F4565730EE8}.Release|x86.ActiveCfg = Release|Any CPU
		{1D87D637-CEF5-4649-BFFE-1F4565730EE8}.Release|x86.Build.0 = Release|Any CPU
	EndGlobalSection
	GlobalSection(SolutionProperties) = preSolution
		HideSolutionNode = FALSE
	EndGlobalSection
	GlobalSection(NestedProjects) = preSolution
		{33784BEF-A285-460D-AB0A-AAE91380F385} = {1AE8ACA6-933B-BF2A-3671-3E2EAC007D16}
		{2F0F6624-64DE-4AA2-B7CF-A5BB0D5AB9D2} = {1AE8ACA6-933B-BF2A-3671-3E2EAC007D16}
		{1D87D637-CEF5-4649-BFFE-1F4565730EE8} = {1AE8ACA6-933B-BF2A-3671-3E2EAC007D16}
	EndGlobalSection
EndGlobal
